// !$*UTF8*$!
{
	archiveVersion = 1;
	classes = {
	};
	objectVersion = 46;
	objects = {

/* Begin PBXBuildFile section */
		21B3A8E31C56D8AC00BAF6EC /* AppDelegate.swift in Sources */ = {isa = PBXBuildFile; fileRef = 21B3A8E21C56D8AC00BAF6EC /* AppDelegate.swift */; };
		21B3A8E51C56D8AC00BAF6EC /* ViewController.swift in Sources */ = {isa = PBXBuildFile; fileRef = 21B3A8E41C56D8AC00BAF6EC /* ViewController.swift */; };
		21B3A8E81C56D8AC00BAF6EC /* Main.storyboard in Resources */ = {isa = PBXBuildFile; fileRef = 21B3A8E61C56D8AC00BAF6EC /* Main.storyboard */; };
		21B3A8EB1C56D8AC00BAF6EC /* HelloWorld.xcdatamodeld in Sources */ = {isa = PBXBuildFile; fileRef = 21B3A8E91C56D8AC00BAF6EC /* HelloWorld.xcdatamodeld */; };
		21B3A8ED1C56D8AC00BAF6EC /* Assets.xcassets in Resources */ = {isa = PBXBuildFile; fileRef = 21B3A8EC1C56D8AC00BAF6EC /* Assets.xcassets */; };
		21B3A8F01C56D8AC00BAF6EC /* LaunchScreen.storyboard in Resources */ = {isa = PBXBuildFile; fileRef = 21B3A8EE1C56D8AC00BAF6EC /* LaunchScreen.storyboard */; };
		21B3A8FB1C56D8AC00BAF6EC /* HelloWorldTests.swift in Sources */ = {isa = PBXBuildFile; fileRef = 21B3A8FA1C56D8AC00BAF6EC /* HelloWorldTests.swift */; };
		21B3A9061C56D8AC00BAF6EC /* HelloWorldUITests.swift in Sources */ = {isa = PBXBuildFile; fileRef = 21B3A9051C56D8AC00BAF6EC /* HelloWorldUITests.swift */; };
/* End PBXBuildFile section */

/* Begin PBXContainerItemProxy section */
		21B3A8F71C56D8AC00BAF6EC /* PBXContainerItemProxy */ = {
			isa = PBXContainerItemProxy;
			containerPortal = 21B3A8D71C56D8AC00BAF6EC /* Project object */;
			proxyType = 1;
			remoteGlobalIDString = 21B3A8DE1C56D8AC00BAF6EC;
			remoteInfo = HelloWorld;
		};
		21B3A9021C56D8AC00BAF6EC /* PBXContainerItemProxy */ = {
			isa = PBXContainerItemProxy;
			containerPortal = 21B3A8D71C56D8AC00BAF6EC /* Project object */;
			proxyType = 1;
			remoteGlobalIDString = 21B3A8DE1C56D8AC00BAF6EC;
			remoteInfo = HelloWorld;
		};
/* End PBXContainerItemProxy section */

/* Begin PBXFileReference section */
		21B3A8DF1C56D8AC00BAF6EC /* HelloWorld.app */ = {isa = PBXFileReference; explicitFileType = wrapper.application; includeInIndex = 0; path = HelloWorld.app; sourceTree = BUILT_PRODUCTS_DIR; };
		21B3A8E21C56D8AC00BAF6EC /* AppDelegate.swift */ = {isa = PBXFileReference; lastKnownFileType = sourcecode.swift; path = AppDelegate.swift; sourceTree = "<group>"; };
		21B3A8E41C56D8AC00BAF6EC /* ViewController.swift */ = {isa = PBXFileReference; lastKnownFileType = sourcecode.swift; path = ViewController.swift; sourceTree = "<group>"; };
		21B3A8E71C56D8AC00BAF6EC /* Base */ = {isa = PBXFileReference; lastKnownFileType = file.storyboard; name = Base; path = Base.lproj/Main.storyboard; sourceTree = "<group>"; };
		21B3A8EA1C56D8AC00BAF6EC /* HelloWorld.xcdatamodel */ = {isa = PBXFileReference; lastKnownFileType = wrapper.xcdatamodel; path = HelloWorld.xcdatamodel; sourceTree = "<group>"; };
		21B3A8EC1C56D8AC00BAF6EC /* Assets.xcassets */ = {isa = PBXFileReference; lastKnownFileType = folder.assetcatalog; path = Assets.xcassets; sourceTree = "<group>"; };
		21B3A8EF1C56D8AC00BAF6EC /* Base */ = {isa = PBXFileReference; lastKnownFileType = file.storyboard; name = Base; path = Base.lproj/LaunchScreen.storyboard; sourceTree = "<group>"; };
		21B3A8F11C56D8AC00BAF6EC /* Info.plist */ = {isa = PBXFileReference; lastKnownFileType = text.plist.xml; path = Info.plist; sourceTree = "<group>"; };
		21B3A8F61C56D8AC00BAF6EC /* HelloWorldTests.xctest */ = {isa = PBXFileReference; explicitFileType = wrapper.cfbundle; includeInIndex = 0; path = HelloWorldTests.xctest; sourceTree = BUILT_PRODUCTS_DIR; };
		21B3A8FA1C56D8AC00BAF6EC /* HelloWorldTests.swift */ = {isa = PBXFileReference; lastKnownFileType = sourcecode.swift; path = HelloWorldTests.swift; sourceTree = "<group>"; };
		21B3A8FC1C56D8AC00BAF6EC /* Info.plist */ = {isa = PBXFileReference; lastKnownFileType = text.plist.xml; path = Info.plist; sourceTree = "<group>"; };
		21B3A9011C56D8AC00BAF6EC /* HelloWorldUITests.xctest */ = {isa = PBXFileReference; explicitFileType = wrapper.cfbundle; includeInIndex = 0; path = HelloWorldUITests.xctest; sourceTree = BUILT_PRODUCTS_DIR; };
		21B3A9051C56D8AC00BAF6EC /* HelloWorldUITests.swift */ = {isa = PBXFileReference; lastKnownFileType = sourcecode.swift; path = HelloWorldUITests.swift; sourceTree = "<group>"; };
		21B3A9071C56D8AC00BAF6EC /* Info.plist */ = {isa = PBXFileReference; lastKnownFileType = text.plist.xml; path = Info.plist; sourceTree = "<group>"; };
/* End PBXFileReference section */

/* Begin PBXFrameworksBuildPhase section */
		21B3A8DC1C56D8AC00BAF6EC /* Frameworks */ = {
			isa = PBXFrameworksBuildPhase;
			buildActionMask = 2147483647;
			files = (
			);
			runOnlyForDeploymentPostprocessing = 0;
		};
		21B3A8F31C56D8AC00BAF6EC /* Frameworks */ = {
			isa = PBXFrameworksBuildPhase;
			buildActionMask = 2147483647;
			files = (
			);
			runOnlyForDeploymentPostprocessing = 0;
		};
		21B3A8FE1C56D8AC00BAF6EC /* Frameworks */ = {
			isa = PBXFrameworksBuildPhase;
			buildActionMask = 2147483647;
			files = (
			);
			runOnlyForDeploymentPostprocessing = 0;
		};
/* End PBXFrameworksBuildPhase section */

/* Begin PBXGroup section */
		21B3A8D61C56D8AC00BAF6EC = {
			isa = PBXGroup;
			children = (
				21B3A8E11C56D8AC00BAF6EC /* HelloWorld */,
				21B3A8F91C56D8AC00BAF6EC /* HelloWorldTests */,
				21B3A9041C56D8AC00BAF6EC /* HelloWorldUITests */,
				21B3A8E01C56D8AC00BAF6EC /* Products */,
			);
			sourceTree = "<group>";
		};
		21B3A8E01C56D8AC00BAF6EC /* Products */ = {
			isa = PBXGroup;
			children = (
				21B3A8DF1C56D8AC00BAF6EC /* HelloWorld.app */,
				21B3A8F61C56D8AC00BAF6EC /* HelloWorldTests.xctest */,
				21B3A9011C56D8AC00BAF6EC /* HelloWorldUITests.xctest */,
			);
			name = Products;
			sourceTree = "<group>";
		};
		21B3A8E11C56D8AC00BAF6EC /* HelloWorld */ = {
			isa = PBXGroup;
			children = (
				21B3A8E21C56D8AC00BAF6EC /* AppDelegate.swift */,
				21B3A8E41C56D8AC00BAF6EC /* ViewController.swift */,
				21B3A8E61C56D8AC00BAF6EC /* Main.storyboard */,
				21B3A8EC1C56D8AC00BAF6EC /* Assets.xcassets */,
				21B3A8EE1C56D8AC00BAF6EC /* LaunchScreen.storyboard */,
				21B3A8F11C56D8AC00BAF6EC /* Info.plist */,
				21B3A8E91C56D8AC00BAF6EC /* HelloWorld.xcdatamodeld */,
			);
			path = HelloWorld;
			sourceTree = "<group>";
		};
		21B3A8F91C56D8AC00BAF6EC /* HelloWorldTests */ = {
			isa = PBXGroup;
			children = (
				21B3A8FA1C56D8AC00BAF6EC /* HelloWorldTests.swift */,
				21B3A8FC1C56D8AC00BAF6EC /* Info.plist */,
			);
			path = HelloWorldTests;
			sourceTree = "<group>";
		};
		21B3A9041C56D8AC00BAF6EC /* HelloWorldUITests */ = {
			isa = PBXGroup;
			children = (
				21B3A9051C56D8AC00BAF6EC /* HelloWorldUITests.swift */,
				21B3A9071C56D8AC00BAF6EC /* Info.plist */,
			);
			path = HelloWorldUITests;
			sourceTree = "<group>";
		};
/* End PBXGroup section */

/* Begin PBXNativeTarget section */
		21B3A8DE1C56D8AC00BAF6EC /* HelloWorld */ = {
			isa = PBXNativeTarget;
			buildConfigurationList = 21B3A90A1C56D8AC00BAF6EC /* Build configuration list for PBXNativeTarget "HelloWorld" */;
			buildPhases = (
				21B3A8DB1C56D8AC00BAF6EC /* Sources */,
				21B3A8DC1C56D8AC00BAF6EC /* Frameworks */,
				21B3A8DD1C56D8AC00BAF6EC /* Resources */,
			);
			buildRules = (
			);
			dependencies = (
			);
			name = HelloWorld;
			productName = HelloWorld;
			productReference = 21B3A8DF1C56D8AC00BAF6EC /* HelloWorld.app */;
			productType = "com.apple.product-type.application";
		};
		21B3A8F51C56D8AC00BAF6EC /* HelloWorldTests */ = {
			isa = PBXNativeTarget;
			buildConfigurationList = 21B3A90D1C56D8AC00BAF6EC /* Build configuration list for PBXNativeTarget "HelloWorldTests" */;
			buildPhases = (
				21B3A8F21C56D8AC00BAF6EC /* Sources */,
				21B3A8F31C56D8AC00BAF6EC /* Frameworks */,
				21B3A8F41C56D8AC00BAF6EC /* Resources */,
			);
			buildRules = (
			);
			dependencies = (
				21B3A8F81C56D8AC00BAF6EC /* PBXTargetDependency */,
			);
			name = HelloWorldTests;
			productName = HelloWorldTests;
			productReference = 21B3A8F61C56D8AC00BAF6EC /* HelloWorldTests.xctest */;
			productType = "com.apple.product-type.bundle.unit-test";
		};
		21B3A9001C56D8AC00BAF6EC /* HelloWorldUITests */ = {
			isa = PBXNativeTarget;
			buildConfigurationList = 21B3A9101C56D8AC00BAF6EC /* Build configuration list for PBXNativeTarget "HelloWorldUITests" */;
			buildPhases = (
				21B3A8FD1C56D8AC00BAF6EC /* Sources */,
				21B3A8FE1C56D8AC00BAF6EC /* Frameworks */,
				21B3A8FF1C56D8AC00BAF6EC /* Resources */,
			);
			buildRules = (
			);
			dependencies = (
				21B3A9031C56D8AC00BAF6EC /* PBXTargetDependency */,
			);
			name = HelloWorldUITests;
			productName = HelloWorldUITests;
			productReference = 21B3A9011C56D8AC00BAF6EC /* HelloWorldUITests.xctest */;
			productType = "com.apple.product-type.bundle.ui-testing";
		};
/* End PBXNativeTarget section */

/* Begin PBXProject section */
		21B3A8D71C56D8AC00BAF6EC /* Project object */ = {
			isa = PBXProject;
			attributes = {
				LastSwiftUpdateCheck = 0720;
				LastUpgradeCheck = 0720;
				ORGANIZATIONNAME = Raycore;
				TargetAttributes = {
					21B3A8DE1C56D8AC00BAF6EC = {
						CreatedOnToolsVersion = 7.2;
					};
					21B3A8F51C56D8AC00BAF6EC = {
						CreatedOnToolsVersion = 7.2;
						TestTargetID = 21B3A8DE1C56D8AC00BAF6EC;
					};
					21B3A9001C56D8AC00BAF6EC = {
						CreatedOnToolsVersion = 7.2;
						TestTargetID = 21B3A8DE1C56D8AC00BAF6EC;
					};
				};
			};
			buildConfigurationList = 21B3A8DA1C56D8AC00BAF6EC /* Build configuration list for PBXProject "HelloWorld" */;
			compatibilityVersion = "Xcode 3.2";
			developmentRegion = English;
			hasScannedForEncodings = 0;
			knownRegions = (
				en,
				Base,
			);
			mainGroup = 21B3A8D61C56D8AC00BAF6EC;
			productRefGroup = 21B3A8E01C56D8AC00BAF6EC /* Products */;
			projectDirPath = "";
			projectRoot = "";
			targets = (
				21B3A8DE1C56D8AC00BAF6EC /* HelloWorld */,
				21B3A8F51C56D8AC00BAF6EC /* HelloWorldTests */,
				21B3A9001C56D8AC00BAF6EC /* HelloWorldUITests */,
			);
		};
/* End PBXProject section */

/* Begin PBXResourcesBuildPhase section */
		21B3A8DD1C56D8AC00BAF6EC /* Resources */ = {
			isa = PBXResourcesBuildPhase;
			buildActionMask = 2147483647;
			files = (
				21B3A8F01C56D8AC00BAF6EC /* LaunchScreen.storyboard in Resources */,
				21B3A8ED1C56D8AC00BAF6EC /* Assets.xcassets in Resources */,
				21B3A8E81C56D8AC00BAF6EC /* Main.storyboard in Resources */,
			);
			runOnlyForDeploymentPostprocessing = 0;
		};
		21B3A8F41C56D8AC00BAF6EC /* Resources */ = {
			isa = PBXResourcesBuildPhase;
			buildActionMask = 2147483647;
			files = (
			);
			runOnlyForDeploymentPostprocessing = 0;
		};
		21B3A8FF1C56D8AC00BAF6EC /* Resources */ = {
			isa = PBXResourcesBuildPhase;
			buildActionMask = 2147483647;
			files = (
			);
			runOnlyForDeploymentPostprocessing = 0;
		};
/* End PBXResourcesBuildPhase section */

/* Begin PBXSourcesBuildPhase section */
		21B3A8DB1C56D8AC00BAF6EC /* Sources */ = {
			isa = PBXSourcesBuildPhase;
			buildActionMask = 2147483647;
			files = (
				21B3A8EB1C56D8AC00BAF6EC /* HelloWorld.xcdatamodeld in Sources */,
				21B3A8E51C56D8AC00BAF6EC /* ViewController.swift in Sources */,
				21B3A8E31C56D8AC00BAF6EC /* AppDelegate.swift in Sources */,
			);
			runOnlyForDeploymentPostprocessing = 0;
		};
		21B3A8F21C56D8AC00BAF6EC /* Sources */ = {
			isa = PBXSourcesBuildPhase;
			buildActionMask = 2147483647;
			files = (
				21B3A8FB1C56D8AC00BAF6EC /* HelloWorldTests.swift in Sources */,
			);
			runOnlyForDeploymentPostprocessing = 0;
		};
		21B3A8FD1C56D8AC00BAF6EC /* Sources */ = {
			isa = PBXSourcesBuildPhase;
			buildActionMask = 2147483647;
			files = (
				21B3A9061C56D8AC00BAF6EC /* HelloWorldUITests.swift in Sources */,
			);
			runOnlyForDeploymentPostprocessing = 0;
		};
/* End PBXSourcesBuildPhase section */

/* Begin PBXTargetDependency section */
		21B3A8F81C56D8AC00BAF6EC /* PBXTargetDependency */ = {
			isa = PBXTargetDependency;
			target = 21B3A8DE1C56D8AC00BAF6EC /* HelloWorld */;
			targetProxy = 21B3A8F71C56D8AC00BAF6EC /* PBXContainerItemProxy */;
		};
		21B3A9031C56D8AC00BAF6EC /* PBXTargetDependency */ = {
			isa = PBXTargetDependency;
			target = 21B3A8DE1C56D8AC00BAF6EC /* HelloWorld */;
			targetProxy = 21B3A9021C56D8AC00BAF6EC /* PBXContainerItemProxy */;
		};
/* End PBXTargetDependency section */

/* Begin PBXVariantGroup section */
		21B3A8E61C56D8AC00BAF6EC /* Main.storyboard */ = {
			isa = PBXVariantGroup;
			children = (
				21B3A8E71C56D8AC00BAF6EC /* Base */,
			);
			name = Main.storyboard;
			sourceTree = "<group>";
		};
		21B3A8EE1C56D8AC00BAF6EC /* LaunchScreen.storyboard */ = {
			isa = PBXVariantGroup;
			children = (
				21B3A8EF1C56D8AC00BAF6EC /* Base */,
			);
			name = LaunchScreen.storyboard;
			sourceTree = "<group>";
		};
/* End PBXVariantGroup section */

/* Begin XCBuildConfiguration section */
		21B3A9081C56D8AC00BAF6EC /* Debug */ = {
			isa = XCBuildConfiguration;
			buildSettings = {
				ALWAYS_SEARCH_USER_PATHS = NO;
				CLANG_CXX_LANGUAGE_STANDARD = "gnu++0x";
				CLANG_CXX_LIBRARY = "libc++";
				CLANG_ENABLE_MODULES = YES;
				CLANG_ENABLE_OBJC_ARC = YES;
				CLANG_WARN_BOOL_CONVERSION = YES;
				CLANG_WARN_CONSTANT_CONVERSION = YES;
				CLANG_WARN_DIRECT_OBJC_ISA_USAGE = YES_ERROR;
				CLANG_WARN_EMPTY_BODY = YES;
				CLANG_WARN_ENUM_CONVERSION = YES;
				CLANG_WARN_INT_CONVERSION = YES;
				CLANG_WARN_OBJC_ROOT_CLASS = YES_ERROR;
				CLANG_WARN_UNREACHABLE_CODE = YES;
				CLANG_WARN__DUPLICATE_METHOD_MATCH = YES;
				"CODE_SIGN_IDENTITY[sdk=iphoneos*]" = "iPhone Developer";
				COPY_PHASE_STRIP = NO;
				DEBUG_INFORMATION_FORMAT = dwarf;
				ENABLE_STRICT_OBJC_MSGSEND = YES;
				ENABLE_TESTABILITY = YES;
				GCC_C_LANGUAGE_STANDARD = gnu99;
				GCC_DYNAMIC_NO_PIC = NO;
				GCC_NO_COMMON_BLOCKS = YES;
				GCC_OPTIMIZATION_LEVEL = 0;
				GCC_PREPROCESSOR_DEFINITIONS = (
					"DEBUG=1",
					"$(inherited)",
				);
				GCC_WARN_64_TO_32_BIT_CONVERSION = YES;
				GCC_WARN_ABOUT_RETURN_TYPE = YES_ERROR;
				GCC_WARN_UNDECLARED_SELECTOR = YES;
				GCC_WARN_UNINITIALIZED_AUTOS = YES_AGGRESSIVE;
				GCC_WARN_UNUSED_FUNCTION = YES;
				GCC_WARN_UNUSED_VARIABLE = YES;
				IPHONEOS_DEPLOYMENT_TARGET = 9.2;
				MTL_ENABLE_DEBUG_INFO = YES;
				ONLY_ACTIVE_ARCH = YES;
				SDKROOT = iphoneos;
				SWIFT_OPTIMIZATION_LEVEL = "-Onone";
			};
			name = Debug;
		};
		21B3A9091C56D8AC00BAF6EC /* Release */ = {
			isa = XCBuildConfiguration;
			buildSettings = {
				ALWAYS_SEARCH_USER_PATHS = NO;
				CLANG_CXX_LANGUAGE_STANDARD = "gnu++0x";
				CLANG_CXX_LIBRARY = "libc++";
				CLANG_ENABLE_MODULES = YES;
				CLANG_ENABLE_OBJC_ARC = YES;
				CLANG_WARN_BOOL_CONVERSION = YES;
				CLANG_WARN_CONSTANT_CONVERSION = YES;
				CLANG_WARN_DIRECT_OBJC_ISA_USAGE = YES_ERROR;
				CLANG_WARN_EMPTY_BODY = YES;
				CLANG_WARN_ENUM_CONVERSION = YES;
				CLANG_WARN_INT_CONVERSION = YES;
				CLANG_WARN_OBJC_ROOT_CLASS = YES_ERROR;
				CLANG_WARN_UNREACHABLE_CODE = YES;
				CLANG_WARN__DUPLICATE_METHOD_MATCH = YES;
				"CODE_SIGN_IDENTITY[sdk=iphoneos*]" = "iPhone Developer";
				COPY_PHASE_STRIP = NO;
				DEBUG_INFORMATION_FORMAT = "dwarf-with-dsym";
				ENABLE_NS_ASSERTIONS = NO;
				ENABLE_STRICT_OBJC_MSGSEND = YES;
				GCC_C_LANGUAGE_STANDARD = gnu99;
				GCC_NO_COMMON_BLOCKS = YES;
				GCC_WARN_64_TO_32_BIT_CONVERSION = YES;
				GCC_WARN_ABOUT_RETURN_TYPE = YES_ERROR;
				GCC_WARN_UNDECLARED_SELECTOR = YES;
				GCC_WARN_UNINITIALIZED_AUTOS = YES_AGGRESSIVE;
				GCC_WARN_UNUSED_FUNCTION = YES;
				GCC_WARN_UNUSED_VARIABLE = YES;
				IPHONEOS_DEPLOYMENT_TARGET = 9.2;
				MTL_ENABLE_DEBUG_INFO = NO;
				SDKROOT = iphoneos;
				VALIDATE_PRODUCT = YES;
			};
			name = Release;
		};
		21B3A90B1C56D8AC00BAF6EC /* Debug */ = {
			isa = XCBuildConfiguration;
			buildSettings = {
				ASSETCATALOG_COMPILER_APPICON_NAME = AppIcon;
				INFOPLIST_FILE = HelloWorld/Info.plist;
				LD_RUNPATH_SEARCH_PATHS = "$(inherited) @executable_path/Frameworks";
				PRODUCT_BUNDLE_IDENTIFIER = com.Raycore.HelloWorld;
				PRODUCT_NAME = "$(TARGET_NAME)";
			};
			name = Debug;
		};
		21B3A90C1C56D8AC00BAF6EC /* Release */ = {
			isa = XCBuildConfiguration;
			buildSettings = {
				ASSETCATALOG_COMPILER_APPICON_NAME = AppIcon;
				INFOPLIST_FILE = HelloWorld/Info.plist;
				LD_RUNPATH_SEARCH_PATHS = "$(inherited) @executable_path/Frameworks";
				PRODUCT_BUNDLE_IDENTIFIER = com.Raycore.HelloWorld;
				PRODUCT_NAME = "$(TARGET_NAME)";
			};
			name = Release;
		};
		21B3A90E1C56D8AC00BAF6EC /* Debug */ = {
			isa = XCBuildConfiguration;
			buildSettings = {
				BUNDLE_LOADER = "$(TEST_HOST)";
				INFOPLIST_FILE = HelloWorldTests/Info.plist;
				LD_RUNPATH_SEARCH_PATHS = "$(inherited) @executable_path/Frameworks @loader_path/Frameworks";
				PRODUCT_BUNDLE_IDENTIFIER = com.Raycore.HelloWorldTests;
				PRODUCT_NAME = "$(TARGET_NAME)";
				TEST_HOST = "$(BUILT_PRODUCTS_DIR)/HelloWorld.app/HelloWorld";
			};
			name = Debug;
		};
		21B3A90F1C56D8AC00BAF6EC /* Release */ = {
			isa = XCBuildConfiguration;
			buildSettings = {
				BUNDLE_LOADER = "$(TEST_HOST)";
				INFOPLIST_FILE = HelloWorldTests/Info.plist;
				LD_RUNPATH_SEARCH_PATHS = "$(inherited) @executable_path/Frameworks @loader_path/Frameworks";
				PRODUCT_BUNDLE_IDENTIFIER = com.Raycore.HelloWorldTests;
				PRODUCT_NAME = "$(TARGET_NAME)";
				TEST_HOST = "$(BUILT_PRODUCTS_DIR)/HelloWorld.app/HelloWorld";
			};
			name = Release;
		};
		21B3A9111C56D8AC00BAF6EC /* Debug */ = {
			isa = XCBuildConfiguration;
			buildSettings = {
				INFOPLIST_FILE = HelloWorldUITests/Info.plist;
				LD_RUNPATH_SEARCH_PATHS = "$(inherited) @executable_path/Frameworks @loader_path/Frameworks";
				PRODUCT_BUNDLE_IDENTIFIER = com.Raycore.HelloWorldUITests;
				PRODUCT_NAME = "$(TARGET_NAME)";
				TEST_TARGET_NAME = HelloWorld;
				USES_XCTRUNNER = YES;
			};
			name = Debug;
		};
		21B3A9121C56D8AC00BAF6EC /* Release */ = {
			isa = XCBuildConfiguration;
			buildSettings = {
				INFOPLIST_FILE = HelloWorldUITests/Info.plist;
				LD_RUNPATH_SEARCH_PATHS = "$(inherited) @executable_path/Frameworks @loader_path/Frameworks";
				PRODUCT_BUNDLE_IDENTIFIER = com.Raycore.HelloWorldUITests;
				PRODUCT_NAME = "$(TARGET_NAME)";
				TEST_TARGET_NAME = HelloWorld;
				USES_XCTRUNNER = YES;
			};
			name = Release;
		};
/* End XCBuildConfiguration section */

/* Begin XCConfigurationList section */
		21B3A8DA1C56D8AC00BAF6EC /* Build configuration list for PBXProject "HelloWorld" */ = {
			isa = XCConfigurationList;
			buildConfigurations = (
				21B3A9081C56D8AC00BAF6EC /* Debug */,
				21B3A9091C56D8AC00BAF6EC /* Release */,
			);
			defaultConfigurationIsVisible = 0;
			defaultConfigurationName = Release;
		};
		21B3A90A1C56D8AC00BAF6EC /* Build configuration list for PBXNativeTarget "HelloWorld" */ = {
			isa = XCConfigurationList;
			buildConfigurations = (
				21B3A90B1C56D8AC00BAF6EC /* Debug */,
				21B3A90C1C56D8AC00BAF6EC /* Release */,
			);
			defaultConfigurationIsVisible = 0;
		};
		21B3A90D1C56D8AC00BAF6EC /* Build configuration list for PBXNativeTarget "HelloWorldTests" */ = {
			isa = XCConfigurationList;
			buildConfigurations = (
				21B3A90E1C56D8AC00BAF6EC /* Debug */,
				21B3A90F1C56D8AC00BAF6EC /* Release */,
			);
			defaultConfigurationIsVisible = 0;
		};
		21B3A9101C56D8AC00BAF6EC /* Build configuration list for PBXNativeTarget "HelloWorldUITests" */ = {
			isa = XCConfigurationList;
			buildConfigurations = (
				21B3A9111C56D8AC00BAF6EC /* Debug */,
				21B3A9121C56D8AC00BAF6EC /* Release */,
			);
			defaultConfigurationIsVisible = 0;
		};
/* End XCConfigurationList section */

/* Begin XCVersionGroup section */
		21B3A8E91C56D8AC00BAF6EC /* HelloWorld.xcdatamodeld */ = {
			isa = XCVersionGroup;
			children = (
				21B3A8EA1C56D8AC00BAF6EC /* HelloWorld.xcdatamodel */,
			);
			currentVersion = 21B3A8EA1C56D8AC00BAF6EC /* HelloWorld.xcdatamodel */;
			path = HelloWorld.xcdatamodeld;
			sourceTree = "<group>";
			versionGroupType = wrapper.xcdatamodel;
		};
/* End XCVersionGroup section */
	};
	rootObject = 21B3A8D71C56D8AC00BAF6EC /* Project object */;
}
